# This file is autogenerated, do not edit; changes may be undone by the next 'dep ensure'.


[[projects]]
  branch = "master"
  name = "github.com/Napat/jsonparser"
  packages = ["."]
  revision = "2cac668e8456b4284edb0715e17e2af02d3ec993"

[solve-meta]
  analyzer-name = "dep"
  analyzer-version = 1
  inputs-digest = "77454f1fbc140491cca3d022121e1f7f414b7159d100d5f2e2dce249cdf8cc0c"
  solver-name = "gps-cdcl"
  solver-version = 1
